<?xml version="1.0" encoding="UTF-8"?>
<CONFIG>
  <ProjectOptions>
    <Version Value="9"/>
    <General>
      <SessionStorage Value="InProjectDir"/>
      <MainUnit Value="0"/>
      <Title Value="stewtest"/>
      <ResourceType Value="res"/>
      <UseXPManifest Value="True"/>
      <Icon Value="0"/>
    </General>
    <i18n>
      <EnableI18N LFM="False"/>
    </i18n>
    <VersionInfo>
      <StringTable ProductVersion=""/>
    </VersionInfo>
    <BuildModes Count="1">
      <Item1 Name="Default" Default="True"/>
    </BuildModes>
    <PublishOptions>
      <Version Value="2"/>
    </PublishOptions>
    <RunParams>
      <local>
        <FormatVersion Value="1"/>
      </local>
    </RunParams>
    <RequiredPackages Count="2">
      <Item1>
        <PackageName Value="richmemopackage"/>
      </Item1>
      <Item2>
        <PackageName Value="LCL"/>
      </Item2>
    </RequiredPackages>
    <Units Count="16">
      <Unit0>
        <Filename Value="stewtest.lpr"/>
        <IsPartOfProject Value="True"/>
        <UnitName Value="stewtest"/>
      </Unit0>
      <Unit1>
        <Filename Value="test_main.pas"/>
        <IsPartOfProject Value="True"/>
        <ComponentName Value="MainForm"/>
        <HasResources Value="True"/>
        <ResourceBaseClass Value="Form"/>
        <UnitName Value="test_main"/>
      </Unit1>
      <Unit2>
        <Filename Value="test_registry.pas"/>
        <IsPartOfProject Value="True"/>
        <UnitName Value="test_registry"/>
      </Unit2>
      <Unit3>
        <Filename Value="test_test.pas"/>
        <IsPartOfProject Value="True"/>
        <UnitName Value="test_test"/>
      </Unit3>
      <Unit4>
        <Filename Value="sys_json.pas"/>
        <IsPartOfProject Value="True"/>
        <UnitName Value="sys_json"/>
      </Unit4>
      <Unit5>
        <Filename Value="test_sys_json.pas"/>
        <IsPartOfProject Value="True"/>
        <UnitName Value="test_sys_json"/>
      </Unit5>
      <Unit6>
        <Filename Value="test_sys_async.pas"/>
        <IsPartOfProject Value="True"/>
        <UnitName Value="test_sys_async"/>
      </Unit6>
      <Unit7>
        <Filename Value="gui_async.pas"/>
        <IsPartOfProject Value="True"/>
        <UnitName Value="gui_async"/>
      </Unit7>
      <Unit8>
        <Filename Value="sys_async.pas"/>
        <IsPartOfProject Value="True"/>
        <UnitName Value="sys_async"/>
      </Unit8>
      <Unit9>
        <Filename Value="test_sys_localfile.pas"/>
        <IsPartOfProject Value="True"/>
        <UnitName Value="test_sys_localfile"/>
      </Unit9>
      <Unit10>
        <Filename Value="test_sys_file.pas"/>
        <IsPartOfProject Value="True"/>
        <UnitName Value="test_sys_file"/>
      </Unit10>
      <Unit11>
        <Filename Value="sys_localfile.pas"/>
        <IsPartOfProject Value="True"/>
        <UnitName Value="sys_localfile"/>
      </Unit11>
      <Unit12>
        <Filename Value="sys_file.pas"/>
        <IsPartOfProject Value="True"/>
        <UnitName Value="sys_file"/>
      </Unit12>
      <Unit13>
        <Filename Value="sys_os.pas"/>
        <IsPartOfProject Value="True"/>
        <UnitName Value="sys_os"/>
      </Unit13>
      <Unit14>
        <Filename Value="stew_properties.pas"/>
        <IsPartOfProject Value="True"/>
        <UnitName Value="stew_properties"/>
      </Unit14>
      <Unit15>
        <Filename Value="test_stew_properties.pas"/>
        <IsPartOfProject Value="True"/>
        <UnitName Value="test_stew_properties"/>
      </Unit15>
    </Units>
  </ProjectOptions>
  <CompilerOptions>
    <Version Value="11"/>
    <Target>
      <Filename Value="../executable/stewtest"/>
    </Target>
    <SearchPaths>
      <IncludeFiles Value="$(ProjOutDir)"/>
      <UnitOutputDirectory Value="../units"/>
    </SearchPaths>
    <Linking>
      <Options>
        <Win32>
          <GraphicApplication Value="True"/>
        </Win32>
      </Options>
    </Linking>
    <Other>
      <CompilerMessages>
        <MsgFileName Value=""/>
      </CompilerMessages>
      <CompilerPath Value="$(CompPath)"/>
    </Other>
  </CompilerOptions>
  <Debugging>
    <Exceptions Count="4">
      <Item1>
        <Name Value="EAbort"/>
      </Item1>
      <Item2>
        <Name Value="ECodetoolError"/>
      </Item2>
      <Item3>
        <Name Value="EFOpenError"/>
      </Item3>
      <Item4>
        <Name Value="ETestFailure"/>
      </Item4>
    </Exceptions>
  </Debugging>
</CONFIG>
