<?xml version="1.0" encoding="UTF-8"?>
<CONFIG>
  <ProjectOptions>
    <Version Value="9"/>
    <General>
      <SessionStorage Value="InProjectDir"/>
      <MainUnit Value="0"/>
      <Title Value="Stew"/>
      <ResourceType Value="res"/>
      <UseXPManifest Value="True"/>
      <Icon Value="0"/>
    </General>
    <i18n>
      <EnableI18N LFM="False"/>
    </i18n>
    <VersionInfo>
      <UseVersionInfo Value="True"/>
      <AutoIncrementBuild Value="True"/>
      <MinorVersionNr Value="1"/>
      <BuildNr Value="44"/>
      <StringTable CompanyName="Town's Edge Technology, LLC" FileDescription="A manuscript management and notekeeping tool." LegalCopyright="Copyright © 2015 Neil M. Sheldon" ProductName="Stew" ProductVersion="0.1"/>
    </VersionInfo>
    <BuildModes Count="1">
      <Item1 Name="Default" Default="True"/>
    </BuildModes>
    <PublishOptions>
      <Version Value="2"/>
    </PublishOptions>
    <RunParams>
      <local>
        <FormatVersion Value="1"/>
      </local>
    </RunParams>
    <RequiredPackages Count="2">
      <Item1>
        <PackageName Value="FCL"/>
      </Item1>
      <Item2>
        <PackageName Value="LCL"/>
      </Item2>
    </RequiredPackages>
    <Units Count="21">
      <Unit0>
        <Filename Value="stewgui.lpr"/>
        <IsPartOfProject Value="True"/>
        <UnitName Value="stewgui"/>
      </Unit0>
      <Unit1>
        <Filename Value="gui_mainform.pas"/>
        <IsPartOfProject Value="True"/>
        <ComponentName Value="MainForm"/>
        <HasResources Value="True"/>
        <ResourceBaseClass Value="Form"/>
        <UnitName Value="gui_mainform"/>
      </Unit1>
      <Unit2>
        <Filename Value="stew_project.pas"/>
        <IsPartOfProject Value="True"/>
        <UnitName Value="stew_project"/>
      </Unit2>
      <Unit3>
        <Filename Value="sys_file.pas"/>
        <IsPartOfProject Value="True"/>
        <UnitName Value="sys_file"/>
      </Unit3>
      <Unit4>
        <Filename Value="sys_async.pas"/>
        <IsPartOfProject Value="True"/>
        <UnitName Value="sys_async"/>
      </Unit4>
      <Unit5>
        <Filename Value="gui_projectmanager.pas"/>
        <IsPartOfProject Value="True"/>
        <ComponentName Value="ProjectManager"/>
        <HasResources Value="True"/>
        <ResourceBaseClass Value="Frame"/>
        <UnitName Value="gui_projectmanager"/>
      </Unit5>
      <Unit6>
        <Filename Value="gui_config.pas"/>
        <IsPartOfProject Value="True"/>
        <UnitName Value="gui_config"/>
      </Unit6>
      <Unit7>
        <Filename Value="sys_json.pas"/>
        <IsPartOfProject Value="True"/>
        <UnitName Value="sys_json"/>
      </Unit7>
      <Unit8>
        <Filename Value="gui_documenteditor.pas"/>
        <IsPartOfProject Value="True"/>
        <ComponentName Value="DocumentEditor"/>
        <HasResources Value="True"/>
        <ResourceBaseClass Value="Frame"/>
        <UnitName Value="gui_documenteditor"/>
      </Unit8>
      <Unit9>
        <Filename Value="gui_preferenceseditor.pas"/>
        <IsPartOfProject Value="True"/>
        <ComponentName Value="ApplicationPreferencesEditor"/>
        <HasResources Value="True"/>
        <ResourceBaseClass Value="Frame"/>
        <UnitName Value="gui_preferenceseditor"/>
      </Unit9>
      <Unit10>
        <Filename Value="gui_projectsettingseditor.pas"/>
        <IsPartOfProject Value="True"/>
        <ComponentName Value="ProjectSettingsEditor"/>
        <HasResources Value="True"/>
        <ResourceBaseClass Value="Frame"/>
        <UnitName Value="gui_projectsettingseditor"/>
      </Unit10>
      <Unit11>
        <Filename Value="gui_editorframe.pas"/>
        <IsPartOfProject Value="True"/>
        <ComponentName Value="EditorFrame"/>
        <HasResources Value="True"/>
        <ResourceBaseClass Value="Frame"/>
        <UnitName Value="gui_editorframe"/>
      </Unit11>
      <Unit12>
        <Filename Value="gui_about.pas"/>
        <IsPartOfProject Value="True"/>
        <ComponentName Value="AboutForm"/>
        <HasResources Value="True"/>
        <ResourceBaseClass Value="Form"/>
        <UnitName Value="gui_about"/>
      </Unit12>
      <Unit13>
        <Filename Value="stew_properties.pas"/>
        <IsPartOfProject Value="True"/>
        <UnitName Value="stew_properties"/>
      </Unit13>
      <Unit14>
        <Filename Value="stew_types.pas"/>
        <IsPartOfProject Value="True"/>
        <UnitName Value="stew_types"/>
      </Unit14>
      <Unit15>
        <Filename Value="stew_persist.pas"/>
        <IsPartOfProject Value="True"/>
        <UnitName Value="stew_persist"/>
      </Unit15>
      <Unit16>
        <Filename Value="gui_jsoneditor.pas"/>
        <IsPartOfProject Value="True"/>
        <ComponentName Value="JSONEditor"/>
        <HasResources Value="True"/>
        <ResourceBaseClass Value="Frame"/>
        <UnitName Value="gui_jsoneditor"/>
      </Unit16>
      <Unit17>
        <Filename Value="sys_os.pas"/>
        <IsPartOfProject Value="True"/>
        <UnitName Value="sys_os"/>
      </Unit17>
      <Unit18>
        <Filename Value="gui_listdialog.pas"/>
        <IsPartOfProject Value="True"/>
        <ComponentName Value="ListDialog"/>
        <ResourceBaseClass Value="Form"/>
        <UnitName Value="gui_listdialog"/>
      </Unit18>
      <Unit19>
        <Filename Value="sys_versionsupport.pas"/>
        <IsPartOfProject Value="True"/>
        <UnitName Value="sys_versionsupport"/>
      </Unit19>
      <Unit20>
        <Filename Value="sys_localfile.pas"/>
        <IsPartOfProject Value="True"/>
        <UnitName Value="sys_localfile"/>
      </Unit20>
    </Units>
  </ProjectOptions>
  <CompilerOptions>
    <Version Value="11"/>
    <Target>
      <Filename Value="../executable/stew-gui"/>
    </Target>
    <SearchPaths>
      <IncludeFiles Value="$(ProjOutDir)"/>
      <OtherUnitFiles Value="gui"/>
      <UnitOutputDirectory Value="../units"/>
    </SearchPaths>
    <Linking>
      <Options>
        <Win32>
          <GraphicApplication Value="True"/>
        </Win32>
      </Options>
    </Linking>
    <Other>
      <CompilerMessages>
        <MsgFileName Value=""/>
      </CompilerMessages>
      <CompilerPath Value="$(CompPath)"/>
    </Other>
  </CompilerOptions>
  <Debugging>
    <Exceptions Count="3">
      <Item1>
        <Name Value="EAbort"/>
      </Item1>
      <Item2>
        <Name Value="ECodetoolError"/>
      </Item2>
      <Item3>
        <Name Value="EFOpenError"/>
      </Item3>
    </Exceptions>
  </Debugging>
</CONFIG>
